<?xml version="1.0" encoding="utf-8"?>
<Project ToolsVersion="4.0" xmlns="http://schemas.microsoft.com/developer/msbuild/2003">
  <ItemGroup>
    <Filter Include="UnitTests">
      <UniqueIdentifier>{8BC9CEB8-8B4A-11D0-8D11-00A0C91BC942}</UniqueIdentifier>
    </Filter>
  </ItemGroup>
  <ItemGroup>
    <ClCompile Include="BliveManagerTests.cpp">
      <Filter>UnitTests</Filter>
    </ClCompile>
    <ClCompile Include="ProfileManagerTests.cpp">
      <Filter>UnitTests</Filter>
    </ClCompile>
    <ClCompile Include="AIChatProviderTests.cpp">
      <Filter>UnitTests</Filter>
    </ClCompile>
    <ClCompile Include="TTSProviderTests.cpp">
      <Filter>UnitTests</Filter>
    </ClCompile>
    <ClCompile Include="ProfileManager.cpp">
      <Filter>UnitTests</Filter>
    </ClCompile>
    <ClCompile Include="AIChatProviderFactory.cpp">
      <Filter>UnitTests</Filter>
    </ClCompile>
    <ClCompile Include="TTSProviderFactory.cpp">
      <Filter>UnitTests</Filter>
    </ClCompile>
    <ClCompile Include="SapiTTSProviderStub.cpp">
      <Filter>UnitTests</Filter>
    </ClCompile>
    <ClCompile Include="XiaomiTTSProvider.cpp">
      <Filter>UnitTests</Filter>
    </ClCompile>
    <ClCompile Include="MiniMaxTTSProvider.cpp">
      <Filter>UnitTests</Filter>
    </ClCompile>
    <ClCompile Include="MiniMaxAIChatProvider.cpp">
      <Filter>UnitTests</Filter>
    </ClCompile>
    <ClCompile Include="StringProcessor.cpp">
      <Filter>UnitTests</Filter>
    </ClCompile>
    <ClCompile Include="WriteLog.cpp">
      <Filter>UnitTests</Filter>
    </ClCompile>
  </ItemGroup>
</Project>
