<?xml version="1.0" encoding="utf-8"?>
<Project ToolsVersion="4.0" xmlns="http://schemas.microsoft.com/developer/msbuild/2003">
  <ItemGroup>
    <Filter Include="Core">
      <UniqueIdentifier>{4FC737F1-C7A5-4376-A066-2A32D752A2FF}</UniqueIdentifier>
    </Filter>
    <Filter Include="DataProcessing">
      <UniqueIdentifier>{5C5E8D7F-9A3B-4C6E-B8F1-2D7E9A5C4B3A}</UniqueIdentifier>
    </Filter>
    <Filter Include="Bridge">
      <UniqueIdentifier>{6D6F9E8A-B4C2-5D7F-C9A2-3E8F0B6D5C4B}</UniqueIdentifier>
    </Filter>
    <Filter Include="UnitTests">
      <UniqueIdentifier>{8BC9CEB8-8B4A-11D0-8D11-00A0C91BC942}</UniqueIdentifier>
    </Filter>
    <Filter Include="Resource Files">
      <UniqueIdentifier>{67DA6AB6-F800-4c08-8B7A-83BB121AAD01}</UniqueIdentifier>
    </Filter>
    <Filter Include="External">
      <UniqueIdentifier>{1E3D4C5A-6B7D-8E9F-0A1B-2C3D4E5F6A7B}</UniqueIdentifier>
    </Filter>
  </ItemGroup>
  <ItemGroup>
    <ClInclude Include="framework.h">
      <Filter>Core</Filter>
    </ClInclude>
    <ClInclude Include="ITTSProvider.h">
      <Filter>DataProcessing</Filter>
    </ClInclude>
    <ClInclude Include="TTSProvider.h">
      <Filter>DataProcessing</Filter>
    </ClInclude>
    <ClInclude Include="targetver.h">
      <Filter>Core</Filter>
    </ClInclude>
    <ClInclude Include="Resource.h">
      <Filter>Core</Filter>
    </ClInclude>
    <ClInclude Include="MonsterOrderWilds.h">
      <Filter>Core</Filter>
    </ClInclude>
    <ClInclude Include="MHDanmuToolsHost.h">
      <Filter>Core</Filter>
    </ClInclude>
    <ClInclude Include="WriteLog.h">
      <Filter>Core</Filter>
    </ClInclude>
    <ClInclude Include="BliveManager.h">
      <Filter>Core</Filter>
    </ClInclude>
    <ClInclude Include="CaptainCheckInModule.h">
      <Filter>DataProcessing</Filter>
    </ClInclude>
    <ClInclude Include="Network.h">
      <Filter>Core</Filter>
    </ClInclude>
    <ClInclude Include="ProfileManager.h">
      <Filter>DataProcessing</Filter>
    </ClInclude>
    <ClInclude Include="EventSystem.h">
      <Filter>Core</Filter>
    </ClInclude>
    <ClInclude Include="TextToSpeech.h">
      <Filter>Core</Filter>
    </ClInclude>
    <ClInclude Include="DumpHelper.h">
      <Filter>Core</Filter>
    </ClInclude>
    <ClInclude Include="AIChatProvider.h">
      <Filter>DataProcessing</Filter>
    </ClInclude>
    <ClInclude Include="MiniMaxAIChatProvider.h">
      <Filter>DataProcessing</Filter>
    </ClInclude>
    <ClInclude Include="DeepSeekAIChatProvider.h">
      <Filter>DataProcessing</Filter>
    </ClInclude>
    <ClInclude Include="AudioPlayer.h">
      <Filter>Core</Filter>
    </ClInclude>
    <ClInclude Include="MimoTTSClient.h">
      <Filter>Core</Filter>
    </ClInclude>
    <ClInclude Include="StringUtils.h">
      <Filter>Core</Filter>
    </ClInclude>
    <ClInclude Include="TTSCacheManager.h">
      <Filter>Core</Filter>
    </ClInclude>
    <ClInclude Include="ConfigManager.h">
      <Filter>DataProcessing</Filter>
    </ClInclude>
    <ClInclude Include="ConfigFieldRegistry.h">
      <Filter>DataProcessing</Filter>
    </ClInclude>
    <ClInclude Include="MonsterDataManager.h">
      <Filter>DataProcessing</Filter>
    </ClInclude>
    <ClInclude Include="PriorityQueueManager.h">
      <Filter>DataProcessing</Filter>
    </ClInclude>
    <ClInclude Include="DanmuProcessor.h">
      <Filter>DataProcessing</Filter>
    </ClInclude>
    <ClInclude Include="StringProcessor.h">
      <Filter>DataProcessing</Filter>
    </ClInclude>
    <ClInclude Include="ErrorHandler.h">
      <Filter>DataProcessing</Filter>
    </ClInclude>
    <ClInclude Include="DataBridge.h">
      <Filter>Bridge</Filter>
    </ClInclude>
    <ClInclude Include="EventBridge.h">
      <Filter>Bridge</Filter>
    </ClInclude>
    <ClInclude Include="DataBridgeWrapper.h">
      <Filter>Bridge</Filter>
    </ClInclude>
    <ClInclude Include="EventBridgeWrapper.h">
      <Filter>Bridge</Filter>
    </ClInclude>
    <ClInclude Include="DataBridgeExports.h">
      <Filter>Bridge</Filter>
    </ClInclude>
  </ItemGroup>
  <ItemGroup>
    <ClInclude Include="UnitTestLog.h">
      <Filter>UnitTests</Filter>
    </ClInclude>
    <ClCompile Include="main.cpp">
      <Filter>Core</Filter>
    </ClCompile>
    <ClCompile Include="MonsterOrderWilds.cpp">
      <Filter>Core</Filter>
    </ClCompile>
    <ClCompile Include="MHDanmuToolsHost.cpp">
      <Filter>Core</Filter>
    </ClCompile>
    <ClCompile Include="WriteLog.cpp">
      <Filter>Core</Filter>
    </ClCompile>
    <ClCompile Include="BliveManager.cpp">
      <Filter>Core</Filter>
    </ClCompile>
    <ClCompile Include="CaptainCheckInModule.cpp">
      <Filter>DataProcessing</Filter>
    </ClCompile>
    <ClCompile Include="Network.cpp">
      <Filter>Core</Filter>
    </ClCompile>
    <ClCompile Include="SapiTTSProvider.cpp">
      <Filter>DataProcessing</Filter>
    </ClCompile>
    <ClCompile Include="TextToSpeech.cpp">
      <Filter>Core</Filter>
    </ClCompile>
    <ClCompile Include="DumpHelper.cpp">
      <Filter>Core</Filter>
    </ClCompile>
    <ClCompile Include="AIChatProviderFactory.cpp">
      <Filter>DataProcessing</Filter>
    </ClCompile>
    <ClCompile Include="MiniMaxAIChatProvider.cpp">
      <Filter>DataProcessing</Filter>
    </ClCompile>
    <ClCompile Include="DeepSeekAIChatProvider.cpp">
      <Filter>DataProcessing</Filter>
    </ClCompile>
    <ClCompile Include="AudioPlayer.cpp">
      <Filter>Core</Filter>
    </ClCompile>
    <ClCompile Include="MimoTTSClient.cpp">
      <Filter>Core</Filter>
    </ClCompile>
    <ClCompile Include="MiniMaxTTSProvider.cpp">
      <Filter>DataProcessing</Filter>
    </ClCompile>
    <ClCompile Include="TTSCacheManager.cpp">
      <Filter>Core</Filter>
    </ClCompile>
    <ClCompile Include="TTSProviderFactory.cpp">
      <Filter>DataProcessing</Filter>
    </ClCompile>
    <ClCompile Include="XiaomiTTSProvider.cpp">
      <Filter>DataProcessing</Filter>
    </ClCompile>
    <ClCompile Include="ConfigManager.cpp">
      <Filter>DataProcessing</Filter>
    </ClCompile>
    <ClCompile Include="ConfigFieldRegistry.cpp">
      <Filter>DataProcessing</Filter>
    </ClCompile>
    <ClCompile Include="MonsterDataManager.cpp">
      <Filter>DataProcessing</Filter>
    </ClCompile>
    <ClCompile Include="PriorityQueueManager.cpp">
      <Filter>DataProcessing</Filter>
    </ClCompile>
    <ClCompile Include="ProfileManager.cpp">
      <Filter>DataProcessing</Filter>
    </ClCompile>
    <ClCompile Include="DanmuProcessor.cpp">
      <Filter>DataProcessing</Filter>
    </ClCompile>
    <ClCompile Include="StringProcessor.cpp">
      <Filter>DataProcessing</Filter>
    </ClCompile>
    <ClCompile Include="MimoTTSClientTests.cpp">
      <Filter>UnitTests</Filter>
      <ExcludedFromBuild Condition="'$(Configuration)'=='Release'">true</ExcludedFromBuild>
    </ClCompile>
    <ClCompile Include="ConfigManagerTests.cpp">
      <Filter>UnitTests</Filter>
      <ExcludedFromBuild Condition="'$(Configuration)'=='Release'">true</ExcludedFromBuild>
    </ClCompile>
    <ClCompile Include="MonsterDataManagerTests.cpp">
      <Filter>UnitTests</Filter>
      <ExcludedFromBuild Condition="'$(Configuration)'=='Release'">true</ExcludedFromBuild>
    </ClCompile>
    <ClCompile Include="PriorityQueueManagerTests.cpp">
      <Filter>UnitTests</Filter>
      <ExcludedFromBuild Condition="'$(Configuration)'=='Release'">true</ExcludedFromBuild>
    </ClCompile>
    <ClCompile Include="DanmuProcessorTests.cpp">
      <Filter>UnitTests</Filter>
      <ExcludedFromBuild Condition="'$(Configuration)'=='Release'">true</ExcludedFromBuild>
    </ClCompile>
    <ClCompile Include="StringProcessorTests.cpp">
      <Filter>UnitTests</Filter>
      <ExcludedFromBuild Condition="'$(Configuration)'=='Release'">true</ExcludedFromBuild>
    </ClCompile>
    <ClCompile Include="DataBridgeTests.cpp">
      <Filter>UnitTests</Filter>
      <ExcludedFromBuild Condition="'$(Configuration)'=='Release'">true</ExcludedFromBuild>
    </ClCompile>
    <ClCompile Include="DataBridgeExports.cpp">
      <Filter>Bridge</Filter>
    </ClCompile>
    <ClCompile Include="BliveManagerTests.cpp">
      <Filter>UnitTests</Filter>
      <ExcludedFromBuild Condition="'$(Configuration)'=='Release'">true</ExcludedFromBuild>
    </ClCompile>
    <ClCompile Include="CredentialsManagerTests.cpp">
      <Filter>UnitTests</Filter>
      <ExcludedFromBuild Condition="'$(Configuration)'=='Release'">true</ExcludedFromBuild>
    </ClCompile>
    <ClCompile Include="ConfigManagerRegistryTests.cpp">
      <Filter>UnitTests</Filter>
      <ExcludedFromBuild Condition="'$(Configuration)'=='Release'">true</ExcludedFromBuild>
    </ClCompile>
    <ClCompile Include="TTSCacheManagerTests.cpp">
      <Filter>UnitTests</Filter>
      <ExcludedFromBuild Condition="'$(Configuration)'=='Release'">true</ExcludedFromBuild>
    </ClCompile>
    <ClCompile Include="TextToSpeechTests.cpp">
      <Filter>UnitTests</Filter>
      <ExcludedFromBuild Condition="'$(Configuration)'=='Release'">true</ExcludedFromBuild>
    </ClCompile>
    <ClCompile Include="ProfileManagerTests.cpp">
      <Filter>UnitTests</Filter>
      <ExcludedFromBuild Condition="'$(Configuration)'=='Release'">true</ExcludedFromBuild>
    </ClCompile>
    <ClCompile Include="AIChatProviderTests.cpp">
      <Filter>UnitTests</Filter>
      <ExcludedFromBuild Condition="'$(Configuration)'!='UnitTest'">true</ExcludedFromBuild>
    </ClCompile>
    <ClCompile Include="DeepSeekAIChatProviderTests.cpp">
      <Filter>UnitTests</Filter>
      <ExcludedFromBuild Condition="'$(Configuration)'!='UnitTest'">true</ExcludedFromBuild>
    </ClCompile>
    <ClCompile Include="TTSProviderTests.cpp">
      <Filter>UnitTests</Filter>
      <ExcludedFromBuild Condition="'$(Configuration)'=='Release'">true</ExcludedFromBuild>
    </ClCompile>
    <ClCompile Include="CaptainCheckInModuleTests.cpp">
      <Filter>UnitTests</Filter>
      <ExcludedFromBuild Condition="'$(Configuration)'=='Release'">true</ExcludedFromBuild>
    </ClCompile>
    <ClCompile Include="UnitTestMain.cpp">
      <Filter>UnitTests</Filter>
    </ClCompile>
    <ClCompile Include="..\external\sqlite3.cpp">
      <Filter>External</Filter>
    </ClCompile>
  </ItemGroup>
  <ItemGroup>
    <ResourceCompile Include="MonsterOrderWilds.rc">
      <Filter>Resource Files</Filter>
    </ResourceCompile>
  </ItemGroup>
  <ItemGroup>
    <Image Include="small.ico">
      <Filter>Resource Files</Filter>
    </Image>
    <Image Include="MonsterOrderWilds.ico">
      <Filter>Resource Files</Filter>
    </Image>
  </ItemGroup>
</Project>
